// !$*UTF8*$!
{
	archiveVersion = 1;
	classes = {
	};
	objectVersion = 50;
	objects = {

/* Begin PBXBuildFile section */
		92C2C4F52392D2EF00D64978 /* AppDelegate.swift in Sources */ = {isa = PBXBuildFile; fileRef = 92C2C4F42392D2EF00D64978 /* AppDelegate.swift */; };
		92C2C4F72392D2EF00D64978 /* SceneDelegate.swift in Sources */ = {isa = PBXBuildFile; fileRef = 92C2C4F62392D2EF00D64978 /* SceneDelegate.swift */; };
		92C2C4F92392D2EF00D64978 /* ViewController.swift in Sources */ = {isa = PBXBuildFile; fileRef = 92C2C4F82392D2EF00D64978 /* ViewController.swift */; };
		92C2C4FC2392D2EF00D64978 /* Main.storyboard in Resources */ = {isa = PBXBuildFile; fileRef = 92C2C4FA2392D2EF00D64978 /* Main.storyboard */; };
		92C2C4FE2392D2F500D64978 /* Assets.xcassets in Resources */ = {isa = PBXBuildFile; fileRef = 92C2C4FD2392D2F500D64978 /* Assets.xcassets */; };
		92C2C5012392D2F500D64978 /* LaunchScreen.storyboard in Resources */ = {isa = PBXBuildFile; fileRef = 92C2C4FF2392D2F500D64978 /* LaunchScreen.storyboard */; };
/* End PBXBuildFile section */

/* Begin PBXFileReference section */
		92C2C4F12392D2EF00D64978 /* Projeto 10 - Icones.app */ = {isa = PBXFileReference; explicitFileType = wrapper.application; includeInIndex = 0; path = "Projeto 10 - Icones.app"; sourceTree = BUILT_PRODUCTS_DIR; };
		92C2C4F42392D2EF00D64978 /* AppDelegate.swift */ = {isa = PBXFileReference; lastKnownFileType = sourcecode.swift; path = AppDelegate.swift; sourceTree = "<group>"; };
		92C2C4F62392D2EF00D64978 /* SceneDelegate.swift */ = {isa = PBXFileReference; lastKnownFileType = sourcecode.swift; path = SceneDelegate.swift; sourceTree = "<group>"; };
		92C2C4F82392D2EF00D64978 /* ViewController.swift */ = {isa = PBXFileReference; lastKnownFileType = sourcecode.swift; path = ViewController.swift; sourceTree = "<group>"; };
		92C2C4FB2392D2EF00D64978 /* Base */ = {isa = PBXFileReference; lastKnownFileType = file.storyboard; name = Base; path = Base.lproj/Main.storyboard; sourceTree = "<group>"; };
		92C2C4FD2392D2F500D64978 /* Assets.xcassets */ = {isa = PBXFileReference; lastKnownFileType = folder.assetcatalog; path = Assets.xcassets; sourceTree = "<group>"; };
		92C2C5002392D2F500D64978 /* Base */ = {isa = PBXFileReference; lastKnownFileType = file.storyboard; name = Base; path = Base.lproj/LaunchScreen.storyboard; sourceTree = "<group>"; };
		92C2C5022392D2F500D64978 /* Info.plist */ = {isa = PBXFileReference; lastKnownFileType = text.plist.xml; path = Info.plist; sourceTree = "<group>"; };
/* End PBXFileReference section */

/* Begin PBXFrameworksBuildPhase section */
		92C2C4EE2392D2EF00D64978 /* Frameworks */ = {
			isa = PBXFrameworksBuildPhase;
			buildActionMask = 2147483647;
			files = (
			);
			runOnlyForDeploymentPostprocessing = 0;
		};
/* End PBXFrameworksBuildPhase section */

/* Begin PBXGroup section */
		92C2C4E82392D2EE00D64978 = {
			isa = PBXGroup;
			children = (
				92C2C4F32392D2EF00D64978 /* Projeto 10 - Icones */,
				92C2C4F22392D2EF00D64978 /* Products */,
			);
			sourceTree = "<group>";
		};
		92C2C4F22392D2EF00D64978 /* Products */ = {
			isa = PBXGroup;
			children = (
				92C2C4F12392D2EF00D64978 /* Projeto 10 - Icones.app */,
			);
			name = Products;
			sourceTree = "<group>";
		};
		92C2C4F32392D2EF00D64978 /* Projeto 10 - Icones */ = {
			isa = PBXGroup;
			children = (
				92C2C4F42392D2EF00D64978 /* AppDelegate.swift */,
				92C2C4F62392D2EF00D64978 /* SceneDelegate.swift */,
				92C2C4F82392D2EF00D64978 /* ViewController.swift */,
				92C2C4FA2392D2EF00D64978 /* Main.storyboard */,
				92C2C4FD2392D2F500D64978 /* Assets.xcassets */,
				92C2C4FF2392D2F500D64978 /* LaunchScreen.storyboard */,
				92C2C5022392D2F500D64978 /* Info.plist */,
			);
			path = "Projeto 10 - Icones";
			sourceTree = "<group>";
		};
/* End PBXGroup section */

/* Begin PBXNativeTarget section */
		92C2C4F02392D2EF00D64978 /* Projeto 10 - Icones */ = {
			isa = PBXNativeTarget;
			buildConfigurationList = 92C2C5052392D2F500D64978 /* Build configuration list for PBXNativeTarget "Projeto 10 - Icones" */;
			buildPhases = (
				92C2C4ED2392D2EF00D64978 /* Sources */,
				92C2C4EE2392D2EF00D64978 /* Frameworks */,
				92C2C4EF2392D2EF00D64978 /* Resources */,
			);
			buildRules = (
			);
			dependencies = (
			);
			name = "Projeto 10 - Icones";
			productName = "Projeto 10 - Icones";
			productReference = 92C2C4F12392D2EF00D64978 /* Projeto 10 - Icones.app */;
			productType = "com.apple.product-type.application";
		};
/* End PBXNativeTarget section */

/* Begin PBXProject section */
		92C2C4E92392D2EE00D64978 /* Project object */ = {
			isa = PBXProject;
			attributes = {
				LastSwiftUpdateCheck = 1110;
				LastUpgradeCheck = 1110;
				ORGANIZATIONNAME = iApps;
				TargetAttributes = {
					92C2C4F02392D2EF00D64978 = {
						CreatedOnToolsVersion = 11.1;
					};
				};
			};
			buildConfigurationList = 92C2C4EC2392D2EF00D64978 /* Build configuration list for PBXProject "Projeto 10 - Icones" */;
			compatibilityVersion = "Xcode 9.3";
			developmentRegion = en;
			hasScannedForEncodings = 0;
			knownRegions = (
				en,
				Base,
			);
			mainGroup = 92C2C4E82392D2EE00D64978;
			productRefGroup = 92C2C4F22392D2EF00D64978 /* Products */;
			projectDirPath = "";
			projectRoot = "";
			targets = (
				92C2C4F02392D2EF00D64978 /* Projeto 10 - Icones */,
			);
		};
/* End PBXProject section */

/* Begin PBXResourcesBuildPhase section */
		92C2C4EF2392D2EF00D64978 /* Resources */ = {
			isa = PBXResourcesBuildPhase;
			buildActionMask = 2147483647;
			files = (
				92C2C5012392D2F500D64978 /* LaunchScreen.storyboard in Resources */,
				92C2C4FE2392D2F500D64978 /* Assets.xcassets in Resources */,
				92C2C4FC2392D2EF00D64978 /* Main.storyboard in Resources */,
			);
			runOnlyForDeploymentPostprocessing = 0;
		};
/* End PBXResourcesBuildPhase section */

/* Begin PBXSourcesBuildPhase section */
		92C2C4ED2392D2EF00D64978 /* Sources */ = {
			isa = PBXSourcesBuildPhase;
			buildActionMask = 2147483647;
			files = (
				92C2C4F92392D2EF00D64978 /* ViewController.swift in Sources */,
				92C2C4F52392D2EF00D64978 /* AppDelegate.swift in Sources */,
				92C2C4F72392D2EF00D64978 /* SceneDelegate.swift in Sources */,
			);
			runOnlyForDeploymentPostprocessing = 0;
		};
/* End PBXSourcesBuildPhase section */

/* Begin PBXVariantGroup section */
		92C2C4FA2392D2EF00D64978 /* Main.storyboard */ = {
			isa = PBXVariantGroup;
			children = (
				92C2C4FB2392D2EF00D64978 /* Base */,
			);
			name = Main.storyboard;
			sourceTree = "<group>";
		};
		92C2C4FF2392D2F500D64978 /* LaunchScreen.storyboard */ = {
			isa = PBXVariantGroup;
			children = (
				92C2C5002392D2F500D64978 /* Base */,
			);
			name = LaunchScreen.storyboard;
			sourceTree = "<group>";
		};
/* End PBXVariantGroup section */

/* Begin XCBuildConfiguration section */
		92C2C5032392D2F500D64978 /* Debug */ = {
			isa = XCBuildConfiguration;
			buildSettings = {
				ALWAYS_SEARCH_USER_PATHS = NO;
				CLANG_ANALYZER_NONNULL = YES;
				CLANG_ANALYZER_NUMBER_OBJECT_CONVERSION = YES_AGGRESSIVE;
				CLANG_CXX_LANGUAGE_STANDARD = "gnu++14";
				CLANG_CXX_LIBRARY = "libc++";
				CLANG_ENABLE_MODULES = YES;
				CLANG_ENABLE_OBJC_ARC = YES;
				CLANG_ENABLE_OBJC_WEAK = YES;
				CLANG_WARN_BLOCK_CAPTURE_AUTORELEASING = YES;
				CLANG_WARN_BOOL_CONVERSION = YES;
				CLANG_WARN_COMMA = YES;
				CLANG_WARN_CONSTANT_CONVERSION = YES;
				CLANG_WARN_DEPRECATED_OBJC_IMPLEMENTATIONS = YES;
				CLANG_WARN_DIRECT_OBJC_ISA_USAGE = YES_ERROR;
				CLANG_WARN_DOCUMENTATION_COMMENTS = YES;
				CLANG_WARN_EMPTY_BODY = YES;
				CLANG_WARN_ENUM_CONVERSION = YES;
				CLANG_WARN_INFINITE_RECURSION = YES;
				CLANG_WARN_INT_CONVERSION = YES;
				CLANG_WARN_NON_LITERAL_NULL_CONVERSION = YES;
				CLANG_WARN_OBJC_IMPLICIT_RETAIN_SELF = YES;
				CLANG_WARN_OBJC_LITERAL_CONVERSION = YES;
				CLANG_WARN_OBJC_ROOT_CLASS = YES_ERROR;
				CLANG_WARN_RANGE_LOOP_ANALYSIS = YES;
				CLANG_WARN_STRICT_PROTOTYPES = YES;
				CLANG_WARN_SUSPICIOUS_MOVE = YES;
				CLANG_WARN_UNGUARDED_AVAILABILITY = YES_AGGRESSIVE;
				CLANG_WARN_UNREACHABLE_CODE = YES;
				CLANG_WARN__DUPLICATE_METHOD_MATCH = YES;
				COPY_PHASE_STRIP = NO;
				DEBUG_INFORMATION_FORMAT = dwarf;
				ENABLE_STRICT_OBJC_MSGSEND = YES;
				ENABLE_TESTABILITY = YES;
				GCC_C_LANGUAGE_STANDARD = gnu11;
				GCC_DYNAMIC_NO_PIC = NO;
				GCC_NO_COMMON_BLOCKS = YES;
				GCC_OPTIMIZATION_LEVEL = 0;
				GCC_PREPROCESSOR_DEFINITIONS = (
					"DEBUG=1",
					"$(inherited)",
				);
				GCC_WARN_64_TO_32_BIT_CONVERSION = YES;
				GCC_WARN_ABOUT_RETURN_TYPE = YES_ERROR;
				GCC_WARN_UNDECLARED_SELECTOR = YES;
				GCC_WARN_UNINITIALIZED_AUTOS = YES_AGGRESSIVE;
				GCC_WARN_UNUSED_FUNCTION = YES;
				GCC_WARN_UNUSED_VARIABLE = YES;
				IPHONEOS_DEPLOYMENT_TARGET = 13.1;
				MTL_ENABLE_DEBUG_INFO = INCLUDE_SOURCE;
				MTL_FAST_MATH = YES;
				ONLY_ACTIVE_ARCH = YES;
				SDKROOT = iphoneos;
				SWIFT_ACTIVE_COMPILATION_CONDITIONS = DEBUG;
				SWIFT_OPTIMIZATION_LEVEL = "-Onone";
			};
			name = Debug;
		};
		92C2C5042392D2F500D64978 /* Release */ = {
			isa = XCBuildConfiguration;
			buildSettings = {
				ALWAYS_SEARCH_USER_PATHS = NO;
				CLANG_ANALYZER_NONNULL = YES;
				CLANG_ANALYZER_NUMBER_OBJECT_CONVERSION = YES_AGGRESSIVE;
				CLANG_CXX_LANGUAGE_STANDARD = "gnu++14";
				CLANG_CXX_LIBRARY = "libc++";
				CLANG_ENABLE_MODULES = YES;
				CLANG_ENABLE_OBJC_ARC = YES;
				CLANG_ENABLE_OBJC_WEAK = YES;
				CLANG_WARN_BLOCK_CAPTURE_AUTORELEASING = YES;
				CLANG_WARN_BOOL_CONVERSION = YES;
				CLANG_WARN_COMMA = YES;
				CLANG_WARN_CONSTANT_CONVERSION = YES;
				CLANG_WARN_DEPRECATED_OBJC_IMPLEMENTATIONS = YES;
				CLANG_WARN_DIRECT_OBJC_ISA_USAGE = YES_ERROR;
				CLANG_WARN_DOCUMENTATION_COMMENTS = YES;
				CLANG_WARN_EMPTY_BODY = YES;
				CLANG_WARN_ENUM_CONVERSION = YES;
				CLANG_WARN_INFINITE_RECURSION = YES;
				CLANG_WARN_INT_CONVERSION = YES;
				CLANG_WARN_NON_LITERAL_NULL_CONVERSION = YES;
				CLANG_WARN_OBJC_IMPLICIT_RETAIN_SELF = YES;
				CLANG_WARN_OBJC_LITERAL_CONVERSION = YES;
				CLANG_WARN_OBJC_ROOT_CLASS = YES_ERROR;
				CLANG_WARN_RANGE_LOOP_ANALYSIS = YES;
				CLANG_WARN_STRICT_PROTOTYPES = YES;
				CLANG_WARN_SUSPICIOUS_MOVE = YES;
				CLANG_WARN_UNGUARDED_AVAILABILITY = YES_AGGRESSIVE;
				CLANG_WARN_UNREACHABLE_CODE = YES;
				CLANG_WARN__DUPLICATE_METHOD_MATCH = YES;
				COPY_PHASE_STRIP = NO;
				DEBUG_INFORMATION_FORMAT = "dwarf-with-dsym";
				ENABLE_NS_ASSERTIONS = NO;
				ENABLE_STRICT_OBJC_MSGSEND = YES;
				GCC_C_LANGUAGE_STANDARD = gnu11;
				GCC_NO_COMMON_BLOCKS = YES;
				GCC_WARN_64_TO_32_BIT_CONVERSION = YES;
				GCC_WARN_ABOUT_RETURN_TYPE = YES_ERROR;
				GCC_WARN_UNDECLARED_SELECTOR = YES;
				GCC_WARN_UNINITIALIZED_AUTOS = YES_AGGRESSIVE;
				GCC_WARN_UNUSED_FUNCTION = YES;
				GCC_WARN_UNUSED_VARIABLE = YES;
				IPHONEOS_DEPLOYMENT_TARGET = 13.1;
				MTL_ENABLE_DEBUG_INFO = NO;
				MTL_FAST_MATH = YES;
				SDKROOT = iphoneos;
				SWIFT_COMPILATION_MODE = wholemodule;
				SWIFT_OPTIMIZATION_LEVEL = "-O";
				VALIDATE_PRODUCT = YES;
			};
			name = Release;
		};
		92C2C5062392D2F500D64978 /* Debug */ = {
			isa = XCBuildConfiguration;
			buildSettings = {
				ASSETCATALOG_COMPILER_APPICON_NAME = AppIcon;
				CODE_SIGN_STYLE = Automatic;
				INFOPLIST_FILE = "Projeto 10 - Icones/Info.plist";
				LD_RUNPATH_SEARCH_PATHS = (
					"$(inherited)",
					"@executable_path/Frameworks",
				);
				PRODUCT_BUNDLE_IDENTIFIER = "iApps.Projeto-10---Icones";
				PRODUCT_NAME = "$(TARGET_NAME)";
				SWIFT_VERSION = 5.0;
				TARGETED_DEVICE_FAMILY = "1,2";
			};
			name = Debug;
		};
		92C2C5072392D2F500D64978 /* Release */ = {
			isa = XCBuildConfiguration;
			buildSettings = {
				ASSETCATALOG_COMPILER_APPICON_NAME = AppIcon;
				CODE_SIGN_STYLE = Automatic;
				INFOPLIST_FILE = "Projeto 10 - Icones/Info.plist";
				LD_RUNPATH_SEARCH_PATHS = (
					"$(inherited)",
					"@executable_path/Frameworks",
				);
				PRODUCT_BUNDLE_IDENTIFIER = "iApps.Projeto-10---Icones";
				PRODUCT_NAME = "$(TARGET_NAME)";
				SWIFT_VERSION = 5.0;
				TARGETED_DEVICE_FAMILY = "1,2";
			};
			name = Release;
		};
/* End XCBuildConfiguration section */

/* Begin XCConfigurationList section */
		92C2C4EC2392D2EF00D64978 /* Build configuration list for PBXProject "Projeto 10 - Icones" */ = {
			isa = XCConfigurationList;
			buildConfigurations = (
				92C2C5032392D2F500D64978 /* Debug */,
				92C2C5042392D2F500D64978 /* Release */,
			);
			defaultConfigurationIsVisible = 0;
			defaultConfigurationName = Release;
		};
		92C2C5052392D2F500D64978 /* Build configuration list for PBXNativeTarget "Projeto 10 - Icones" */ = {
			isa = XCConfigurationList;
			buildConfigurations = (
				92C2C5062392D2F500D64978 /* Debug */,
				92C2C5072392D2F500D64978 /* Release */,
			);
			defaultConfigurationIsVisible = 0;
			defaultConfigurationName = Release;
		};
/* End XCConfigurationList section */
	};
	rootObject = 92C2C4E92392D2EE00D64978 /* Project object */;
}
