// !$*UTF8*$!
{
	archiveVersion = 1;
	classes = {
	};
	objectVersion = 50;
	objects = {

/* Begin PBXBuildFile section */
		AEB674DD22FDDA96002A2D2A /* AppDelegate.swift in Sources */ = {isa = PBXBuildFile; fileRef = AEB674DC22FDDA96002A2D2A /* AppDelegate.swift */; };
		AEB674E122FDDA96002A2D2A /* ViewController.swift in Sources */ = {isa = PBXBuildFile; fileRef = AEB674E022FDDA96002A2D2A /* ViewController.swift */; };
		AEB674E422FDDA96002A2D2A /* Main.storyboard in Resources */ = {isa = PBXBuildFile; fileRef = AEB674E222FDDA96002A2D2A /* Main.storyboard */; };
		AEB674E622FDDA96002A2D2A /* Assets.xcassets in Resources */ = {isa = PBXBuildFile; fileRef = AEB674E522FDDA96002A2D2A /* Assets.xcassets */; };
		AEB674E922FDDA96002A2D2A /* LaunchScreen.storyboard in Resources */ = {isa = PBXBuildFile; fileRef = AEB674E722FDDA96002A2D2A /* LaunchScreen.storyboard */; };
		AEB674F222FDDAE5002A2D2A /* Default@2x.png in Resources */ = {isa = PBXBuildFile; fileRef = AEB674F022FDDAE5002A2D2A /* Default@2x.png */; };
		AEB674F322FDDAE5002A2D2A /* Default-568h@2x.png in Resources */ = {isa = PBXBuildFile; fileRef = AEB674F122FDDAE5002A2D2A /* Default-568h@2x.png */; };
		AEB674F922FDDB36002A2D2A /* LeituraAcelerometroViewController.swift in Sources */ = {isa = PBXBuildFile; fileRef = AEB674F722FDDB36002A2D2A /* LeituraAcelerometroViewController.swift */; };
		AEB674FA22FDDB36002A2D2A /* LeituraAcelerometroViewController.xib in Resources */ = {isa = PBXBuildFile; fileRef = AEB674F822FDDB36002A2D2A /* LeituraAcelerometroViewController.xib */; };
		AEB674FE22FDDB51002A2D2A /* UtilAppDelegateViewController.swift in Sources */ = {isa = PBXBuildFile; fileRef = AEB674FC22FDDB51002A2D2A /* UtilAppDelegateViewController.swift */; };
		AEB674FF22FDDB51002A2D2A /* UtilString.swift in Sources */ = {isa = PBXBuildFile; fileRef = AEB674FD22FDDB51002A2D2A /* UtilString.swift */; };
/* End PBXBuildFile section */

/* Begin PBXFileReference section */
		AEB674D922FDDA96002A2D2A /* Projeto 25 - Giroscopio.app */ = {isa = PBXFileReference; explicitFileType = wrapper.application; includeInIndex = 0; path = "Projeto 25 - Giroscopio.app"; sourceTree = BUILT_PRODUCTS_DIR; };
		AEB674DC22FDDA96002A2D2A /* AppDelegate.swift */ = {isa = PBXFileReference; lastKnownFileType = sourcecode.swift; path = AppDelegate.swift; sourceTree = "<group>"; };
		AEB674E022FDDA96002A2D2A /* ViewController.swift */ = {isa = PBXFileReference; lastKnownFileType = sourcecode.swift; path = ViewController.swift; sourceTree = "<group>"; };
		AEB674E322FDDA96002A2D2A /* Base */ = {isa = PBXFileReference; lastKnownFileType = file.storyboard; name = Base; path = Base.lproj/Main.storyboard; sourceTree = "<group>"; };
		AEB674E522FDDA96002A2D2A /* Assets.xcassets */ = {isa = PBXFileReference; lastKnownFileType = folder.assetcatalog; path = Assets.xcassets; sourceTree = "<group>"; };
		AEB674E822FDDA96002A2D2A /* Base */ = {isa = PBXFileReference; lastKnownFileType = file.storyboard; name = Base; path = Base.lproj/LaunchScreen.storyboard; sourceTree = "<group>"; };
		AEB674EA22FDDA96002A2D2A /* Info.plist */ = {isa = PBXFileReference; lastKnownFileType = text.plist.xml; path = Info.plist; sourceTree = "<group>"; };
		AEB674F022FDDAE5002A2D2A /* Default@2x.png */ = {isa = PBXFileReference; lastKnownFileType = image.png; path = "Default@2x.png"; sourceTree = "<group>"; };
		AEB674F122FDDAE5002A2D2A /* Default-568h@2x.png */ = {isa = PBXFileReference; lastKnownFileType = image.png; path = "Default-568h@2x.png"; sourceTree = "<group>"; };
		AEB674F722FDDB36002A2D2A /* LeituraAcelerometroViewController.swift */ = {isa = PBXFileReference; fileEncoding = 4; lastKnownFileType = sourcecode.swift; path = LeituraAcelerometroViewController.swift; sourceTree = "<group>"; };
		AEB674F822FDDB36002A2D2A /* LeituraAcelerometroViewController.xib */ = {isa = PBXFileReference; fileEncoding = 4; lastKnownFileType = file.xib; path = LeituraAcelerometroViewController.xib; sourceTree = "<group>"; };
		AEB674FC22FDDB51002A2D2A /* UtilAppDelegateViewController.swift */ = {isa = PBXFileReference; fileEncoding = 4; lastKnownFileType = sourcecode.swift; path = UtilAppDelegateViewController.swift; sourceTree = "<group>"; };
		AEB674FD22FDDB51002A2D2A /* UtilString.swift */ = {isa = PBXFileReference; fileEncoding = 4; lastKnownFileType = sourcecode.swift; path = UtilString.swift; sourceTree = "<group>"; };
/* End PBXFileReference section */

/* Begin PBXFrameworksBuildPhase section */
		AEB674D622FDDA96002A2D2A /* Frameworks */ = {
			isa = PBXFrameworksBuildPhase;
			buildActionMask = 2147483647;
			files = (
			);
			runOnlyForDeploymentPostprocessing = 0;
		};
/* End PBXFrameworksBuildPhase section */

/* Begin PBXGroup section */
		AEB674D022FDDA96002A2D2A = {
			isa = PBXGroup;
			children = (
				AEB674F122FDDAE5002A2D2A /* Default-568h@2x.png */,
				AEB674F022FDDAE5002A2D2A /* Default@2x.png */,
				AEB674DB22FDDA96002A2D2A /* Projeto 25 - Giroscopio */,
				AEB674DA22FDDA96002A2D2A /* Products */,
			);
			sourceTree = "<group>";
		};
		AEB674DA22FDDA96002A2D2A /* Products */ = {
			isa = PBXGroup;
			children = (
				AEB674D922FDDA96002A2D2A /* Projeto 25 - Giroscopio.app */,
			);
			name = Products;
			sourceTree = "<group>";
		};
		AEB674DB22FDDA96002A2D2A /* Projeto 25 - Giroscopio */ = {
			isa = PBXGroup;
			children = (
				AEB674FB22FDDB3C002A2D2A /* Util */,
				AEB674F622FDDB29002A2D2A /* View */,
				AEB674DC22FDDA96002A2D2A /* AppDelegate.swift */,
				AEB674E022FDDA96002A2D2A /* ViewController.swift */,
				AEB674E222FDDA96002A2D2A /* Main.storyboard */,
				AEB674E522FDDA96002A2D2A /* Assets.xcassets */,
				AEB674E722FDDA96002A2D2A /* LaunchScreen.storyboard */,
				AEB674EA22FDDA96002A2D2A /* Info.plist */,
			);
			path = "Projeto 25 - Giroscopio";
			sourceTree = "<group>";
		};
		AEB674F622FDDB29002A2D2A /* View */ = {
			isa = PBXGroup;
			children = (
				AEB674F722FDDB36002A2D2A /* LeituraAcelerometroViewController.swift */,
				AEB674F822FDDB36002A2D2A /* LeituraAcelerometroViewController.xib */,
			);
			path = View;
			sourceTree = "<group>";
		};
		AEB674FB22FDDB3C002A2D2A /* Util */ = {
			isa = PBXGroup;
			children = (
				AEB674FC22FDDB51002A2D2A /* UtilAppDelegateViewController.swift */,
				AEB674FD22FDDB51002A2D2A /* UtilString.swift */,
			);
			path = Util;
			sourceTree = "<group>";
		};
/* End PBXGroup section */

/* Begin PBXNativeTarget section */
		AEB674D822FDDA96002A2D2A /* Projeto 25 - Giroscopio */ = {
			isa = PBXNativeTarget;
			buildConfigurationList = AEB674ED22FDDA96002A2D2A /* Build configuration list for PBXNativeTarget "Projeto 25 - Giroscopio" */;
			buildPhases = (
				AEB674D522FDDA96002A2D2A /* Sources */,
				AEB674D622FDDA96002A2D2A /* Frameworks */,
				AEB674D722FDDA96002A2D2A /* Resources */,
			);
			buildRules = (
			);
			dependencies = (
			);
			name = "Projeto 25 - Giroscopio";
			productName = "Projeto 25 - Giroscopio";
			productReference = AEB674D922FDDA96002A2D2A /* Projeto 25 - Giroscopio.app */;
			productType = "com.apple.product-type.application";
		};
/* End PBXNativeTarget section */

/* Begin PBXProject section */
		AEB674D122FDDA96002A2D2A /* Project object */ = {
			isa = PBXProject;
			attributes = {
				LastSwiftUpdateCheck = 1100;
				LastUpgradeCheck = 1100;
				ORGANIZATIONNAME = Aecio;
				TargetAttributes = {
					AEB674D822FDDA96002A2D2A = {
						CreatedOnToolsVersion = 11.0;
					};
				};
			};
			buildConfigurationList = AEB674D422FDDA96002A2D2A /* Build configuration list for PBXProject "Projeto 25 - Giroscopio" */;
			compatibilityVersion = "Xcode 9.3";
			developmentRegion = en;
			hasScannedForEncodings = 0;
			knownRegions = (
				en,
				Base,
			);
			mainGroup = AEB674D022FDDA96002A2D2A;
			productRefGroup = AEB674DA22FDDA96002A2D2A /* Products */;
			projectDirPath = "";
			projectRoot = "";
			targets = (
				AEB674D822FDDA96002A2D2A /* Projeto 25 - Giroscopio */,
			);
		};
/* End PBXProject section */

/* Begin PBXResourcesBuildPhase section */
		AEB674D722FDDA96002A2D2A /* Resources */ = {
			isa = PBXResourcesBuildPhase;
			buildActionMask = 2147483647;
			files = (
				AEB674F222FDDAE5002A2D2A /* Default@2x.png in Resources */,
				AEB674E922FDDA96002A2D2A /* LaunchScreen.storyboard in Resources */,
				AEB674E622FDDA96002A2D2A /* Assets.xcassets in Resources */,
				AEB674F322FDDAE5002A2D2A /* Default-568h@2x.png in Resources */,
				AEB674E422FDDA96002A2D2A /* Main.storyboard in Resources */,
				AEB674FA22FDDB36002A2D2A /* LeituraAcelerometroViewController.xib in Resources */,
			);
			runOnlyForDeploymentPostprocessing = 0;
		};
/* End PBXResourcesBuildPhase section */

/* Begin PBXSourcesBuildPhase section */
		AEB674D522FDDA96002A2D2A /* Sources */ = {
			isa = PBXSourcesBuildPhase;
			buildActionMask = 2147483647;
			files = (
				AEB674FF22FDDB51002A2D2A /* UtilString.swift in Sources */,
				AEB674E122FDDA96002A2D2A /* ViewController.swift in Sources */,
				AEB674F922FDDB36002A2D2A /* LeituraAcelerometroViewController.swift in Sources */,
				AEB674DD22FDDA96002A2D2A /* AppDelegate.swift in Sources */,
				AEB674FE22FDDB51002A2D2A /* UtilAppDelegateViewController.swift in Sources */,
			);
			runOnlyForDeploymentPostprocessing = 0;
		};
/* End PBXSourcesBuildPhase section */

/* Begin PBXVariantGroup section */
		AEB674E222FDDA96002A2D2A /* Main.storyboard */ = {
			isa = PBXVariantGroup;
			children = (
				AEB674E322FDDA96002A2D2A /* Base */,
			);
			name = Main.storyboard;
			sourceTree = "<group>";
		};
		AEB674E722FDDA96002A2D2A /* LaunchScreen.storyboard */ = {
			isa = PBXVariantGroup;
			children = (
				AEB674E822FDDA96002A2D2A /* Base */,
			);
			name = LaunchScreen.storyboard;
			sourceTree = "<group>";
		};
/* End PBXVariantGroup section */

/* Begin XCBuildConfiguration section */
		AEB674EB22FDDA96002A2D2A /* Debug */ = {
			isa = XCBuildConfiguration;
			buildSettings = {
				ALWAYS_SEARCH_USER_PATHS = NO;
				CLANG_ANALYZER_NONNULL = YES;
				CLANG_ANALYZER_NUMBER_OBJECT_CONVERSION = YES_AGGRESSIVE;
				CLANG_CXX_LANGUAGE_STANDARD = "gnu++14";
				CLANG_CXX_LIBRARY = "libc++";
				CLANG_ENABLE_MODULES = YES;
				CLANG_ENABLE_OBJC_ARC = YES;
				CLANG_ENABLE_OBJC_WEAK = YES;
				CLANG_WARN_BLOCK_CAPTURE_AUTORELEASING = YES;
				CLANG_WARN_BOOL_CONVERSION = YES;
				CLANG_WARN_COMMA = YES;
				CLANG_WARN_CONSTANT_CONVERSION = YES;
				CLANG_WARN_DEPRECATED_OBJC_IMPLEMENTATIONS = YES;
				CLANG_WARN_DIRECT_OBJC_ISA_USAGE = YES_ERROR;
				CLANG_WARN_DOCUMENTATION_COMMENTS = YES;
				CLANG_WARN_EMPTY_BODY = YES;
				CLANG_WARN_ENUM_CONVERSION = YES;
				CLANG_WARN_INFINITE_RECURSION = YES;
				CLANG_WARN_INT_CONVERSION = YES;
				CLANG_WARN_NON_LITERAL_NULL_CONVERSION = YES;
				CLANG_WARN_OBJC_IMPLICIT_RETAIN_SELF = YES;
				CLANG_WARN_OBJC_LITERAL_CONVERSION = YES;
				CLANG_WARN_OBJC_ROOT_CLASS = YES_ERROR;
				CLANG_WARN_RANGE_LOOP_ANALYSIS = YES;
				CLANG_WARN_STRICT_PROTOTYPES = YES;
				CLANG_WARN_SUSPICIOUS_MOVE = YES;
				CLANG_WARN_UNGUARDED_AVAILABILITY = YES_AGGRESSIVE;
				CLANG_WARN_UNREACHABLE_CODE = YES;
				CLANG_WARN__DUPLICATE_METHOD_MATCH = YES;
				COPY_PHASE_STRIP = NO;
				DEBUG_INFORMATION_FORMAT = dwarf;
				ENABLE_STRICT_OBJC_MSGSEND = YES;
				ENABLE_TESTABILITY = YES;
				GCC_C_LANGUAGE_STANDARD = gnu11;
				GCC_DYNAMIC_NO_PIC = NO;
				GCC_NO_COMMON_BLOCKS = YES;
				GCC_OPTIMIZATION_LEVEL = 0;
				GCC_PREPROCESSOR_DEFINITIONS = (
					"DEBUG=1",
					"$(inherited)",
				);
				GCC_WARN_64_TO_32_BIT_CONVERSION = YES;
				GCC_WARN_ABOUT_RETURN_TYPE = YES_ERROR;
				GCC_WARN_UNDECLARED_SELECTOR = YES;
				GCC_WARN_UNINITIALIZED_AUTOS = YES_AGGRESSIVE;
				GCC_WARN_UNUSED_FUNCTION = YES;
				GCC_WARN_UNUSED_VARIABLE = YES;
				IPHONEOS_DEPLOYMENT_TARGET = 10.0;
				MTL_ENABLE_DEBUG_INFO = INCLUDE_SOURCE;
				MTL_FAST_MATH = YES;
				ONLY_ACTIVE_ARCH = YES;
				SDKROOT = iphoneos;
				SWIFT_ACTIVE_COMPILATION_CONDITIONS = DEBUG;
				SWIFT_OPTIMIZATION_LEVEL = "-Onone";
			};
			name = Debug;
		};
		AEB674EC22FDDA96002A2D2A /* Release */ = {
			isa = XCBuildConfiguration;
			buildSettings = {
				ALWAYS_SEARCH_USER_PATHS = NO;
				CLANG_ANALYZER_NONNULL = YES;
				CLANG_ANALYZER_NUMBER_OBJECT_CONVERSION = YES_AGGRESSIVE;
				CLANG_CXX_LANGUAGE_STANDARD = "gnu++14";
				CLANG_CXX_LIBRARY = "libc++";
				CLANG_ENABLE_MODULES = YES;
				CLANG_ENABLE_OBJC_ARC = YES;
				CLANG_ENABLE_OBJC_WEAK = YES;
				CLANG_WARN_BLOCK_CAPTURE_AUTORELEASING = YES;
				CLANG_WARN_BOOL_CONVERSION = YES;
				CLANG_WARN_COMMA = YES;
				CLANG_WARN_CONSTANT_CONVERSION = YES;
				CLANG_WARN_DEPRECATED_OBJC_IMPLEMENTATIONS = YES;
				CLANG_WARN_DIRECT_OBJC_ISA_USAGE = YES_ERROR;
				CLANG_WARN_DOCUMENTATION_COMMENTS = YES;
				CLANG_WARN_EMPTY_BODY = YES;
				CLANG_WARN_ENUM_CONVERSION = YES;
				CLANG_WARN_INFINITE_RECURSION = YES;
				CLANG_WARN_INT_CONVERSION = YES;
				CLANG_WARN_NON_LITERAL_NULL_CONVERSION = YES;
				CLANG_WARN_OBJC_IMPLICIT_RETAIN_SELF = YES;
				CLANG_WARN_OBJC_LITERAL_CONVERSION = YES;
				CLANG_WARN_OBJC_ROOT_CLASS = YES_ERROR;
				CLANG_WARN_RANGE_LOOP_ANALYSIS = YES;
				CLANG_WARN_STRICT_PROTOTYPES = YES;
				CLANG_WARN_SUSPICIOUS_MOVE = YES;
				CLANG_WARN_UNGUARDED_AVAILABILITY = YES_AGGRESSIVE;
				CLANG_WARN_UNREACHABLE_CODE = YES;
				CLANG_WARN__DUPLICATE_METHOD_MATCH = YES;
				COPY_PHASE_STRIP = NO;
				DEBUG_INFORMATION_FORMAT = "dwarf-with-dsym";
				ENABLE_NS_ASSERTIONS = NO;
				ENABLE_STRICT_OBJC_MSGSEND = YES;
				GCC_C_LANGUAGE_STANDARD = gnu11;
				GCC_NO_COMMON_BLOCKS = YES;
				GCC_WARN_64_TO_32_BIT_CONVERSION = YES;
				GCC_WARN_ABOUT_RETURN_TYPE = YES_ERROR;
				GCC_WARN_UNDECLARED_SELECTOR = YES;
				GCC_WARN_UNINITIALIZED_AUTOS = YES_AGGRESSIVE;
				GCC_WARN_UNUSED_FUNCTION = YES;
				GCC_WARN_UNUSED_VARIABLE = YES;
				IPHONEOS_DEPLOYMENT_TARGET = 10.0;
				MTL_ENABLE_DEBUG_INFO = NO;
				MTL_FAST_MATH = YES;
				SDKROOT = iphoneos;
				SWIFT_COMPILATION_MODE = wholemodule;
				SWIFT_OPTIMIZATION_LEVEL = "-O";
				VALIDATE_PRODUCT = YES;
			};
			name = Release;
		};
		AEB674EE22FDDA96002A2D2A /* Debug */ = {
			isa = XCBuildConfiguration;
			buildSettings = {
				ASSETCATALOG_COMPILER_APPICON_NAME = AppIcon;
				CODE_SIGN_STYLE = Automatic;
				DEVELOPMENT_TEAM = 67XGH4XB7D;
				INFOPLIST_FILE = "Projeto 25 - Giroscopio/Info.plist";
				IPHONEOS_DEPLOYMENT_TARGET = 11.0;
				LD_RUNPATH_SEARCH_PATHS = (
					"$(inherited)",
					"@executable_path/Frameworks",
				);
				PRODUCT_BUNDLE_IDENTIFIER = professoraecio.giroscopio;
				PRODUCT_NAME = "$(TARGET_NAME)";
				SWIFT_VERSION = 5.0;
				TARGETED_DEVICE_FAMILY = "1,2";
			};
			name = Debug;
		};
		AEB674EF22FDDA96002A2D2A /* Release */ = {
			isa = XCBuildConfiguration;
			buildSettings = {
				ASSETCATALOG_COMPILER_APPICON_NAME = AppIcon;
				CODE_SIGN_STYLE = Automatic;
				DEVELOPMENT_TEAM = 67XGH4XB7D;
				INFOPLIST_FILE = "Projeto 25 - Giroscopio/Info.plist";
				IPHONEOS_DEPLOYMENT_TARGET = 11.0;
				LD_RUNPATH_SEARCH_PATHS = (
					"$(inherited)",
					"@executable_path/Frameworks",
				);
				PRODUCT_BUNDLE_IDENTIFIER = professoraecio.giroscopio;
				PRODUCT_NAME = "$(TARGET_NAME)";
				SWIFT_VERSION = 5.0;
				TARGETED_DEVICE_FAMILY = "1,2";
			};
			name = Release;
		};
/* End XCBuildConfiguration section */

/* Begin XCConfigurationList section */
		AEB674D422FDDA96002A2D2A /* Build configuration list for PBXProject "Projeto 25 - Giroscopio" */ = {
			isa = XCConfigurationList;
			buildConfigurations = (
				AEB674EB22FDDA96002A2D2A /* Debug */,
				AEB674EC22FDDA96002A2D2A /* Release */,
			);
			defaultConfigurationIsVisible = 0;
			defaultConfigurationName = Release;
		};
		AEB674ED22FDDA96002A2D2A /* Build configuration list for PBXNativeTarget "Projeto 25 - Giroscopio" */ = {
			isa = XCConfigurationList;
			buildConfigurations = (
				AEB674EE22FDDA96002A2D2A /* Debug */,
				AEB674EF22FDDA96002A2D2A /* Release */,
			);
			defaultConfigurationIsVisible = 0;
			defaultConfigurationName = Release;
		};
/* End XCConfigurationList section */
	};
	rootObject = AEB674D122FDDA96002A2D2A /* Project object */;
}
